
Microsoft Visual Studio Solution File, Format Version 12.00
# Visual Studio Version 17
VisualStudioVersion = 17.9.34728.123
MinimumVisualStudioVersion = 10.0.40219.1
Project("{FAE04EC0-301F-11D3-BF4B-00C04F79EFBC}") = "OrderAPI", "OrderAPI\OrderAPI.csproj", "{53C57DE2-0415-4641-8CFA-B99821C2792D}"
EndProject
Global
	GlobalSection(SolutionConfigurationPlatforms) = preSolution
		Debug|Any CPU = Debug|Any CPU
		Release|Any CPU = Release|Any CPU
	EndGlobalSection
	GlobalSection(ProjectConfigurationPlatforms) = postSolution
		{53C57DE2-0415-4641-8CFA-B99821C2792D}.Debug|Any CPU.ActiveCfg = Debug|Any CPU
		{53C57DE2-0415-4641-8CFA-B99821C2792D}.Debug|Any CPU.Build.0 = Debug|Any CPU
		{53C57DE2-0415-4641-8CFA-B99821C2792D}.Release|Any CPU.ActiveCfg = Release|Any CPU
		{53C57DE2-0415-4641-8CFA-B99821C2792D}.Release|Any CPU.Build.0 = Release|Any CPU
	EndGlobalSection
	GlobalSection(SolutionProperties) = preSolution
		HideSolutionNode = FALSE
	EndGlobalSection
	GlobalSection(ExtensibilityGlobals) = postSolution
		SolutionGuid = {9DCBC500-CA3D-44DC-98D8-DA858B3DA858}
	EndGlobalSection
EndGlobal
